
Microsoft Visual Studio Solution File, Format Version 12.00
# Visual Studio Version 17
VisualStudioVersion = 17.2.32630.192
MinimumVisualStudioVersion = 10.0.40219.1
Project("{FAE04EC0-301F-11D3-BF4B-00C04F79EFBC}") = "DatingApp.API", "DatingApp.API\DatingApp.API.csproj", "{487E9561-8D75-4C58-A26A-77FE6A86AD1C}"
EndProject
Global
	GlobalSection(SolutionConfigurationPlatforms) = preSolution
		Debug|Any CPU = Debug|Any CPU
		Release|Any CPU = Release|Any CPU
	EndGlobalSection
	GlobalSection(ProjectConfigurationPlatforms) = postSolution
		{487E9561-8D75-4C58-A26A-77FE6A86AD1C}.Debug|Any CPU.ActiveCfg = Debug|Any CPU
		{487E9561-8D75-4C58-A26A-77FE6A86AD1C}.Debug|Any CPU.Build.0 = Debug|Any CPU
		{487E9561-8D75-4C58-A26A-77FE6A86AD1C}.Release|Any CPU.ActiveCfg = Release|Any CPU
		{487E9561-8D75-4C58-A26A-77FE6A86AD1C}.Release|Any CPU.Build.0 = Release|Any CPU
	EndGlobalSection
	GlobalSection(SolutionProperties) = preSolution
		HideSolutionNode = FALSE
	EndGlobalSection
	GlobalSection(ExtensibilityGlobals) = postSolution
		SolutionGuid = {808D60EF-A65D-4C55-A6F6-059A7A3DCD90}
	EndGlobalSection
EndGlobal
